// !$*UTF8*$!
{
	archiveVersion = 1;
	classes = {
	};
	objectVersion = 50;
	objects = {

/* Begin PBXBuildFile section */
		14626F1B26B3245400EBB0C6 /* ScannerApp.swift in Sources */ = {isa = PBXBuildFile; fileRef = 14626F1A26B3245400EBB0C6 /* ScannerApp.swift */; };
		14626F1D26B3245400EBB0C6 /* MainView.swift in Sources */ = {isa = PBXBuildFile; fileRef = 14626F1C26B3245400EBB0C6 /* MainView.swift */; };
		14626F1F26B3245600EBB0C6 /* Assets.xcassets in Resources */ = {isa = PBXBuildFile; fileRef = 14626F1E26B3245600EBB0C6 /* Assets.xcassets */; };
		14626F2226B3245600EBB0C6 /* Preview Assets.xcassets in Resources */ = {isa = PBXBuildFile; fileRef = 14626F2126B3245600EBB0C6 /* Preview Assets.xcassets */; };
		14626F2A26B3259300EBB0C6 /* ButtonView.swift in Sources */ = {isa = PBXBuildFile; fileRef = 14626F2926B3259300EBB0C6 /* ButtonView.swift */; };
		14626F2C26B330DC00EBB0C6 /* UpdateButtonView.swift in Sources */ = {isa = PBXBuildFile; fileRef = 14626F2B26B330DC00EBB0C6 /* UpdateButtonView.swift */; };
		14626F3226B3D73D00EBB0C6 /* DataManager.swift in Sources */ = {isa = PBXBuildFile; fileRef = 14626F3126B3D73D00EBB0C6 /* DataManager.swift */; };
		14626F3526B3D7F300EBB0C6 /* ScannerManager.swift in Sources */ = {isa = PBXBuildFile; fileRef = 14626F3426B3D7F300EBB0C6 /* ScannerManager.swift */; };
		14626F3726B3E10800EBB0C6 /* ProductModel.swift in Sources */ = {isa = PBXBuildFile; fileRef = 14626F3626B3E10800EBB0C6 /* ProductModel.swift */; };
		14D36AB626B486AA00779EAA /* ScannerVC.swift in Sources */ = {isa = PBXBuildFile; fileRef = 14D36AB526B486AA00779EAA /* ScannerVC.swift */; };
		14D36AB826B4870A00779EAA /* ScannerView.swift in Sources */ = {isa = PBXBuildFile; fileRef = 14D36AB726B4870A00779EAA /* ScannerView.swift */; };
		14D36ABA26B4876200779EAA /* Alert.swift in Sources */ = {isa = PBXBuildFile; fileRef = 14D36AB926B4876200779EAA /* Alert.swift */; };
		14D36ABD26B487C700779EAA /* ScannerViewModel.swift in Sources */ = {isa = PBXBuildFile; fileRef = 14D36ABC26B487C700779EAA /* ScannerViewModel.swift */; };
		14D36AC126B49A4900779EAA /* ScanningView.swift in Sources */ = {isa = PBXBuildFile; fileRef = 14D36AC026B49A4900779EAA /* ScanningView.swift */; };
/* End PBXBuildFile section */

/* Begin PBXFileReference section */
		14626F1726B3245400EBB0C6 /* Scanner.app */ = {isa = PBXFileReference; explicitFileType = wrapper.application; includeInIndex = 0; path = Scanner.app; sourceTree = BUILT_PRODUCTS_DIR; };
		14626F1A26B3245400EBB0C6 /* ScannerApp.swift */ = {isa = PBXFileReference; lastKnownFileType = sourcecode.swift; path = ScannerApp.swift; sourceTree = "<group>"; };
		14626F1C26B3245400EBB0C6 /* MainView.swift */ = {isa = PBXFileReference; lastKnownFileType = sourcecode.swift; path = MainView.swift; sourceTree = "<group>"; };
		14626F1E26B3245600EBB0C6 /* Assets.xcassets */ = {isa = PBXFileReference; lastKnownFileType = folder.assetcatalog; path = Assets.xcassets; sourceTree = "<group>"; };
		14626F2126B3245600EBB0C6 /* Preview Assets.xcassets */ = {isa = PBXFileReference; lastKnownFileType = folder.assetcatalog; path = "Preview Assets.xcassets"; sourceTree = "<group>"; };
		14626F2326B3245600EBB0C6 /* Info.plist */ = {isa = PBXFileReference; lastKnownFileType = text.plist.xml; path = Info.plist; sourceTree = "<group>"; };
		14626F2926B3259300EBB0C6 /* ButtonView.swift */ = {isa = PBXFileReference; lastKnownFileType = sourcecode.swift; path = ButtonView.swift; sourceTree = "<group>"; };
		14626F2B26B330DC00EBB0C6 /* UpdateButtonView.swift */ = {isa = PBXFileReference; lastKnownFileType = sourcecode.swift; path = UpdateButtonView.swift; sourceTree = "<group>"; };
		14626F3126B3D73D00EBB0C6 /* DataManager.swift */ = {isa = PBXFileReference; lastKnownFileType = sourcecode.swift; path = DataManager.swift; sourceTree = "<group>"; };
		14626F3426B3D7F300EBB0C6 /* ScannerManager.swift */ = {isa = PBXFileReference; lastKnownFileType = sourcecode.swift; path = ScannerManager.swift; sourceTree = "<group>"; };
		14626F3626B3E10800EBB0C6 /* ProductModel.swift */ = {isa = PBXFileReference; lastKnownFileType = sourcecode.swift; path = ProductModel.swift; sourceTree = "<group>"; };
		14D36AB526B486AA00779EAA /* ScannerVC.swift */ = {isa = PBXFileReference; lastKnownFileType = sourcecode.swift; path = ScannerVC.swift; sourceTree = "<group>"; };
		14D36AB726B4870A00779EAA /* ScannerView.swift */ = {isa = PBXFileReference; lastKnownFileType = sourcecode.swift; path = ScannerView.swift; sourceTree = "<group>"; };
		14D36AB926B4876200779EAA /* Alert.swift */ = {isa = PBXFileReference; lastKnownFileType = sourcecode.swift; path = Alert.swift; sourceTree = "<group>"; };
		14D36ABC26B487C700779EAA /* ScannerViewModel.swift */ = {isa = PBXFileReference; lastKnownFileType = sourcecode.swift; path = ScannerViewModel.swift; sourceTree = "<group>"; };
		14D36AC026B49A4900779EAA /* ScanningView.swift */ = {isa = PBXFileReference; lastKnownFileType = sourcecode.swift; path = ScanningView.swift; sourceTree = "<group>"; };
/* End PBXFileReference section */

/* Begin PBXFrameworksBuildPhase section */
		14626F1426B3245400EBB0C6 /* Frameworks */ = {
			isa = PBXFrameworksBuildPhase;
			buildActionMask = 2147483647;
			files = (
			);
			runOnlyForDeploymentPostprocessing = 0;
		};
/* End PBXFrameworksBuildPhase section */

/* Begin PBXGroup section */
		14626F0E26B3245400EBB0C6 = {
			isa = PBXGroup;
			children = (
				14626F1926B3245400EBB0C6 /* Scanner */,
				14626F1826B3245400EBB0C6 /* Products */,
			);
			sourceTree = "<group>";
		};
		14626F1826B3245400EBB0C6 /* Products */ = {
			isa = PBXGroup;
			children = (
				14626F1726B3245400EBB0C6 /* Scanner.app */,
			);
			name = Products;
			sourceTree = "<group>";
		};
		14626F1926B3245400EBB0C6 /* Scanner */ = {
			isa = PBXGroup;
			children = (
				14D36ABB26B487A300779EAA /* VIewModel */,
				14D36AB426B4866100779EAA /* ScannerView */,
				14626F1A26B3245400EBB0C6 /* ScannerApp.swift */,
				14626F1E26B3245600EBB0C6 /* Assets.xcassets */,
				14626F3326B3D76B00EBB0C6 /* Model */,
				14626F3026B3D52900EBB0C6 /* Managers */,
				14626F2F26B33C0400EBB0C6 /* NoteView */,
				14626F2D26B33BBC00EBB0C6 /* MainView */,
				14626F2326B3245600EBB0C6 /* Info.plist */,
				14626F2026B3245600EBB0C6 /* Preview Content */,
				14D36AB926B4876200779EAA /* Alert.swift */,
			);
			path = Scanner;
			sourceTree = "<group>";
		};
		14626F2026B3245600EBB0C6 /* Preview Content */ = {
			isa = PBXGroup;
			children = (
				14626F2126B3245600EBB0C6 /* Preview Assets.xcassets */,
			);
			path = "Preview Content";
			sourceTree = "<group>";
		};
		14626F2D26B33BBC00EBB0C6 /* MainView */ = {
			isa = PBXGroup;
			children = (
				14626F1C26B3245400EBB0C6 /* MainView.swift */,
				14626F2926B3259300EBB0C6 /* ButtonView.swift */,
				14626F2B26B330DC00EBB0C6 /* UpdateButtonView.swift */,
			);
			path = MainView;
			sourceTree = "<group>";
		};
		14626F2F26B33C0400EBB0C6 /* NoteView */ = {
			isa = PBXGroup;
			children = (
			);
			path = NoteView;
			sourceTree = "<group>";
		};
		14626F3026B3D52900EBB0C6 /* Managers */ = {
			isa = PBXGroup;
			children = (
				14626F3126B3D73D00EBB0C6 /* DataManager.swift */,
				14626F3426B3D7F300EBB0C6 /* ScannerManager.swift */,
			);
			path = Managers;
			sourceTree = "<group>";
		};
		14626F3326B3D76B00EBB0C6 /* Model */ = {
			isa = PBXGroup;
			children = (
				14626F3626B3E10800EBB0C6 /* ProductModel.swift */,
			);
			path = Model;
			sourceTree = "<group>";
		};
		14D36AB426B4866100779EAA /* ScannerView */ = {
			isa = PBXGroup;
			children = (
				14D36AB526B486AA00779EAA /* ScannerVC.swift */,
				14D36AB726B4870A00779EAA /* ScannerView.swift */,
				14D36AC026B49A4900779EAA /* ScanningView.swift */,
			);
			path = ScannerView;
			sourceTree = "<group>";
		};
		14D36ABB26B487A300779EAA /* VIewModel */ = {
			isa = PBXGroup;
			children = (
				14D36ABC26B487C700779EAA /* ScannerViewModel.swift */,
			);
			path = VIewModel;
			sourceTree = "<group>";
		};
/* End PBXGroup section */

/* Begin PBXNativeTarget section */
		14626F1626B3245400EBB0C6 /* Scanner */ = {
			isa = PBXNativeTarget;
			buildConfigurationList = 14626F2626B3245600EBB0C6 /* Build configuration list for PBXNativeTarget "Scanner" */;
			buildPhases = (
				14626F1326B3245400EBB0C6 /* Sources */,
				14626F1426B3245400EBB0C6 /* Frameworks */,
				14626F1526B3245400EBB0C6 /* Resources */,
			);
			buildRules = (
			);
			dependencies = (
			);
			name = Scanner;
			productName = Scanner;
			productReference = 14626F1726B3245400EBB0C6 /* Scanner.app */;
			productType = "com.apple.product-type.application";
		};
/* End PBXNativeTarget section */

/* Begin PBXProject section */
		14626F0F26B3245400EBB0C6 /* Project object */ = {
			isa = PBXProject;
			attributes = {
				LastSwiftUpdateCheck = 1250;
				LastUpgradeCheck = 1250;
				TargetAttributes = {
					14626F1626B3245400EBB0C6 = {
						CreatedOnToolsVersion = 12.5.1;
					};
				};
			};
			buildConfigurationList = 14626F1226B3245400EBB0C6 /* Build configuration list for PBXProject "Scanner" */;
			compatibilityVersion = "Xcode 9.3";
			developmentRegion = en;
			hasScannedForEncodings = 0;
			knownRegions = (
				en,
				Base,
			);
			mainGroup = 14626F0E26B3245400EBB0C6;
			productRefGroup = 14626F1826B3245400EBB0C6 /* Products */;
			projectDirPath = "";
			projectRoot = "";
			targets = (
				14626F1626B3245400EBB0C6 /* Scanner */,
			);
		};
/* End PBXProject section */

/* Begin PBXResourcesBuildPhase section */
		14626F1526B3245400EBB0C6 /* Resources */ = {
			isa = PBXResourcesBuildPhase;
			buildActionMask = 2147483647;
			files = (
				14626F2226B3245600EBB0C6 /* Preview Assets.xcassets in Resources */,
				14626F1F26B3245600EBB0C6 /* Assets.xcassets in Resources */,
			);
			runOnlyForDeploymentPostprocessing = 0;
		};
/* End PBXResourcesBuildPhase section */

/* Begin PBXSourcesBuildPhase section */
		14626F1326B3245400EBB0C6 /* Sources */ = {
			isa = PBXSourcesBuildPhase;
			buildActionMask = 2147483647;
			files = (
				14D36AB826B4870A00779EAA /* ScannerView.swift in Sources */,
				14626F1D26B3245400EBB0C6 /* MainView.swift in Sources */,
				14D36ABD26B487C700779EAA /* ScannerViewModel.swift in Sources */,
				14626F3226B3D73D00EBB0C6 /* DataManager.swift in Sources */,
				14626F3526B3D7F300EBB0C6 /* ScannerManager.swift in Sources */,
				14626F1B26B3245400EBB0C6 /* ScannerApp.swift in Sources */,
				14626F2A26B3259300EBB0C6 /* ButtonView.swift in Sources */,
				14D36AB626B486AA00779EAA /* ScannerVC.swift in Sources */,
				14626F3726B3E10800EBB0C6 /* ProductModel.swift in Sources */,
				14D36AC126B49A4900779EAA /* ScanningView.swift in Sources */,
				14D36ABA26B4876200779EAA /* Alert.swift in Sources */,
				14626F2C26B330DC00EBB0C6 /* UpdateButtonView.swift in Sources */,
			);
			runOnlyForDeploymentPostprocessing = 0;
		};
/* End PBXSourcesBuildPhase section */

/* Begin XCBuildConfiguration section */
		14626F2426B3245600EBB0C6 /* Debug */ = {
			isa = XCBuildConfiguration;
			buildSettings = {
				ALWAYS_SEARCH_USER_PATHS = NO;
				CLANG_ANALYZER_NONNULL = YES;
				CLANG_ANALYZER_NUMBER_OBJECT_CONVERSION = YES_AGGRESSIVE;
				CLANG_CXX_LANGUAGE_STANDARD = "gnu++14";
				CLANG_CXX_LIBRARY = "libc++";
				CLANG_ENABLE_MODULES = YES;
				CLANG_ENABLE_OBJC_ARC = YES;
				CLANG_ENABLE_OBJC_WEAK = YES;
				CLANG_WARN_BLOCK_CAPTURE_AUTORELEASING = YES;
				CLANG_WARN_BOOL_CONVERSION = YES;
				CLANG_WARN_COMMA = YES;
				CLANG_WARN_CONSTANT_CONVERSION = YES;
				CLANG_WARN_DEPRECATED_OBJC_IMPLEMENTATIONS = YES;
				CLANG_WARN_DIRECT_OBJC_ISA_USAGE = YES_ERROR;
				CLANG_WARN_DOCUMENTATION_COMMENTS = YES;
				CLANG_WARN_EMPTY_BODY = YES;
				CLANG_WARN_ENUM_CONVERSION = YES;
				CLANG_WARN_INFINITE_RECURSION = YES;
				CLANG_WARN_INT_CONVERSION = YES;
				CLANG_WARN_NON_LITERAL_NULL_CONVERSION = YES;
				CLANG_WARN_OBJC_IMPLICIT_RETAIN_SELF = YES;
				CLANG_WARN_OBJC_LITERAL_CONVERSION = YES;
				CLANG_WARN_OBJC_ROOT_CLASS = YES_ERROR;
				CLANG_WARN_QUOTED_INCLUDE_IN_FRAMEWORK_HEADER = YES;
				CLANG_WARN_RANGE_LOOP_ANALYSIS = YES;
				CLANG_WARN_STRICT_PROTOTYPES = YES;
				CLANG_WARN_SUSPICIOUS_MOVE = YES;
				CLANG_WARN_UNGUARDED_AVAILABILITY = YES_AGGRESSIVE;
				CLANG_WARN_UNREACHABLE_CODE = YES;
				CLANG_WARN__DUPLICATE_METHOD_MATCH = YES;
				COPY_PHASE_STRIP = NO;
				DEBUG_INFORMATION_FORMAT = dwarf;
				ENABLE_STRICT_OBJC_MSGSEND = YES;
				ENABLE_TESTABILITY = YES;
				GCC_C_LANGUAGE_STANDARD = gnu11;
				GCC_DYNAMIC_NO_PIC = NO;
				GCC_NO_COMMON_BLOCKS = YES;
				GCC_OPTIMIZATION_LEVEL = 0;
				GCC_PREPROCESSOR_DEFINITIONS = (
					"DEBUG=1",
					"$(inherited)",
				);
				GCC_WARN_64_TO_32_BIT_CONVERSION = YES;
				GCC_WARN_ABOUT_RETURN_TYPE = YES_ERROR;
				GCC_WARN_UNDECLARED_SELECTOR = YES;
				GCC_WARN_UNINITIALIZED_AUTOS = YES_AGGRESSIVE;
				GCC_WARN_UNUSED_FUNCTION = YES;
				GCC_WARN_UNUSED_VARIABLE = YES;
				IPHONEOS_DEPLOYMENT_TARGET = 14.5;
				MTL_ENABLE_DEBUG_INFO = INCLUDE_SOURCE;
				MTL_FAST_MATH = YES;
				ONLY_ACTIVE_ARCH = YES;
				SDKROOT = iphoneos;
				SWIFT_ACTIVE_COMPILATION_CONDITIONS = DEBUG;
				SWIFT_OPTIMIZATION_LEVEL = "-Onone";
			};
			name = Debug;
		};
		14626F2526B3245600EBB0C6 /* Release */ = {
			isa = XCBuildConfiguration;
			buildSettings = {
				ALWAYS_SEARCH_USER_PATHS = NO;
				CLANG_ANALYZER_NONNULL = YES;
				CLANG_ANALYZER_NUMBER_OBJECT_CONVERSION = YES_AGGRESSIVE;
				CLANG_CXX_LANGUAGE_STANDARD = "gnu++14";
				CLANG_CXX_LIBRARY = "libc++";
				CLANG_ENABLE_MODULES = YES;
				CLANG_ENABLE_OBJC_ARC = YES;
				CLANG_ENABLE_OBJC_WEAK = YES;
				CLANG_WARN_BLOCK_CAPTURE_AUTORELEASING = YES;
				CLANG_WARN_BOOL_CONVERSION = YES;
				CLANG_WARN_COMMA = YES;
				CLANG_WARN_CONSTANT_CONVERSION = YES;
				CLANG_WARN_DEPRECATED_OBJC_IMPLEMENTATIONS = YES;
				CLANG_WARN_DIRECT_OBJC_ISA_USAGE = YES_ERROR;
				CLANG_WARN_DOCUMENTATION_COMMENTS = YES;
				CLANG_WARN_EMPTY_BODY = YES;
				CLANG_WARN_ENUM_CONVERSION = YES;
				CLANG_WARN_INFINITE_RECURSION = YES;
				CLANG_WARN_INT_CONVERSION = YES;
				CLANG_WARN_NON_LITERAL_NULL_CONVERSION = YES;
				CLANG_WARN_OBJC_IMPLICIT_RETAIN_SELF = YES;
				CLANG_WARN_OBJC_LITERAL_CONVERSION = YES;
				CLANG_WARN_OBJC_ROOT_CLASS = YES_ERROR;
				CLANG_WARN_QUOTED_INCLUDE_IN_FRAMEWORK_HEADER = YES;
				CLANG_WARN_RANGE_LOOP_ANALYSIS = YES;
				CLANG_WARN_STRICT_PROTOTYPES = YES;
				CLANG_WARN_SUSPICIOUS_MOVE = YES;
				CLANG_WARN_UNGUARDED_AVAILABILITY = YES_AGGRESSIVE;
				CLANG_WARN_UNREACHABLE_CODE = YES;
				CLANG_WARN__DUPLICATE_METHOD_MATCH = YES;
				COPY_PHASE_STRIP = NO;
				DEBUG_INFORMATION_FORMAT = "dwarf-with-dsym";
				ENABLE_NS_ASSERTIONS = NO;
				ENABLE_STRICT_OBJC_MSGSEND = YES;
				GCC_C_LANGUAGE_STANDARD = gnu11;
				GCC_NO_COMMON_BLOCKS = YES;
				GCC_WARN_64_TO_32_BIT_CONVERSION = YES;
				GCC_WARN_ABOUT_RETURN_TYPE = YES_ERROR;
				GCC_WARN_UNDECLARED_SELECTOR = YES;
				GCC_WARN_UNINITIALIZED_AUTOS = YES_AGGRESSIVE;
				GCC_WARN_UNUSED_FUNCTION = YES;
				GCC_WARN_UNUSED_VARIABLE = YES;
				IPHONEOS_DEPLOYMENT_TARGET = 14.5;
				MTL_ENABLE_DEBUG_INFO = NO;
				MTL_FAST_MATH = YES;
				SDKROOT = iphoneos;
				SWIFT_COMPILATION_MODE = wholemodule;
				SWIFT_OPTIMIZATION_LEVEL = "-O";
				VALIDATE_PRODUCT = YES;
			};
			name = Release;
		};
		14626F2726B3245600EBB0C6 /* Debug */ = {
			isa = XCBuildConfiguration;
			buildSettings = {
				ASSETCATALOG_COMPILER_APPICON_NAME = AppIcon;
				ASSETCATALOG_COMPILER_GLOBAL_ACCENT_COLOR_NAME = AccentColor;
				CODE_SIGN_STYLE = Automatic;
				DEVELOPMENT_ASSET_PATHS = "\"Scanner/Preview Content\"";
				DEVELOPMENT_TEAM = 7LV3CL7Z6S;
				ENABLE_PREVIEWS = YES;
				INFOPLIST_FILE = Scanner/Info.plist;
				IPHONEOS_DEPLOYMENT_TARGET = 14.0;
				LD_RUNPATH_SEARCH_PATHS = (
					"$(inherited)",
					"@executable_path/Frameworks",
				);
				PRODUCT_BUNDLE_IDENTIFIER = Oransky.Scanner;
				PRODUCT_NAME = "$(TARGET_NAME)";
				SWIFT_VERSION = 5.0;
				TARGETED_DEVICE_FAMILY = "1,2";
			};
			name = Debug;
		};
		14626F2826B3245600EBB0C6 /* Release */ = {
			isa = XCBuildConfiguration;
			buildSettings = {
				ASSETCATALOG_COMPILER_APPICON_NAME = AppIcon;
				ASSETCATALOG_COMPILER_GLOBAL_ACCENT_COLOR_NAME = AccentColor;
				CODE_SIGN_STYLE = Automatic;
				DEVELOPMENT_ASSET_PATHS = "\"Scanner/Preview Content\"";
				DEVELOPMENT_TEAM = 7LV3CL7Z6S;
				ENABLE_PREVIEWS = YES;
				INFOPLIST_FILE = Scanner/Info.plist;
				IPHONEOS_DEPLOYMENT_TARGET = 14.0;
				LD_RUNPATH_SEARCH_PATHS = (
					"$(inherited)",
					"@executable_path/Frameworks",
				);
				PRODUCT_BUNDLE_IDENTIFIER = Oransky.Scanner;
				PRODUCT_NAME = "$(TARGET_NAME)";
				SWIFT_VERSION = 5.0;
				TARGETED_DEVICE_FAMILY = "1,2";
			};
			name = Release;
		};
/* End XCBuildConfiguration section */

/* Begin XCConfigurationList section */
		14626F1226B3245400EBB0C6 /* Build configuration list for PBXProject "Scanner" */ = {
			isa = XCConfigurationList;
			buildConfigurations = (
				14626F2426B3245600EBB0C6 /* Debug */,
				14626F2526B3245600EBB0C6 /* Release */,
			);
			defaultConfigurationIsVisible = 0;
			defaultConfigurationName = Release;
		};
		14626F2626B3245600EBB0C6 /* Build configuration list for PBXNativeTarget "Scanner" */ = {
			isa = XCConfigurationList;
			buildConfigurations = (
				14626F2726B3245600EBB0C6 /* Debug */,
				14626F2826B3245600EBB0C6 /* Release */,
			);
			defaultConfigurationIsVisible = 0;
			defaultConfigurationName = Release;
		};
/* End XCConfigurationList section */
	};
	rootObject = 14626F0F26B3245400EBB0C6 /* Project object */;
}
